
Microsoft Visual Studio Solution File, Format Version 12.00
# Visual Studio Version 17
VisualStudioVersion = 17.8.34525.116
MinimumVisualStudioVersion = 10.0.40219.1
Project("{FAE04EC0-301F-11D3-BF4B-00C04F79EFBC}") = "TreeViewLab2", "TreeViewLab2\TreeViewLab2.csproj", "{4891C8F1-BC4C-46B7-8479-BB1B0219E187}"
EndProject
Global
	GlobalSection(SolutionConfigurationPlatforms) = preSolution
		Debug|Any CPU = Debug|Any CPU
		Release|Any CPU = Release|Any CPU
	EndGlobalSection
	GlobalSection(ProjectConfigurationPlatforms) = postSolution
		{4891C8F1-BC4C-46B7-8479-BB1B0219E187}.Debug|Any CPU.ActiveCfg = Debug|Any CPU
		{4891C8F1-BC4C-46B7-8479-BB1B0219E187}.Debug|Any CPU.Build.0 = Debug|Any CPU
		{4891C8F1-BC4C-46B7-8479-BB1B0219E187}.Release|Any CPU.ActiveCfg = Release|Any CPU
		{4891C8F1-BC4C-46B7-8479-BB1B0219E187}.Release|Any CPU.Build.0 = Release|Any CPU
	EndGlobalSection
	GlobalSection(SolutionProperties) = preSolution
		HideSolutionNode = FALSE
	EndGlobalSection
	GlobalSection(ExtensibilityGlobals) = postSolution
		SolutionGuid = {8267DD9B-CA52-4466-8761-E2173119F9CA}
	EndGlobalSection
EndGlobal
